
Microsoft Visual Studio Solution File, Format Version 12.00
# Visual Studio 14
VisualStudioVersion = 14.0.25420.1
MinimumVisualStudioVersion = 10.0.40219.1
Project("{FAE04EC0-301F-11D3-BF4B-00C04F79EFBC}") = "FactoryMethod", "FactoryMethod\FactoryMethod.csproj", "{C30762B1-2620-44CE-A490-40E7854FE0AD}"
EndProject
Project("{FAE04EC0-301F-11D3-BF4B-00C04F79EFBC}") = "FactoryMethod.Tests", "FactoryMethod.Tests\FactoryMethod.Tests.csproj", "{E264157A-6C8A-4128-83E1-1A5C0DD9DFE3}"
EndProject
Global
	GlobalSection(SolutionConfigurationPlatforms) = preSolution
		Debug|Any CPU = Debug|Any CPU
		Release|Any CPU = Release|Any CPU
	EndGlobalSection
	GlobalSection(ProjectConfigurationPlatforms) = postSolution
		{C30762B1-2620-44CE-A490-40E7854FE0AD}.Debug|Any CPU.ActiveCfg = Debug|Any CPU
		{C30762B1-2620-44CE-A490-40E7854FE0AD}.Debug|Any CPU.Build.0 = Debug|Any CPU
		{C30762B1-2620-44CE-A490-40E7854FE0AD}.Release|Any CPU.ActiveCfg = Release|Any CPU
		{C30762B1-2620-44CE-A490-40E7854FE0AD}.Release|Any CPU.Build.0 = Release|Any CPU
		{E264157A-6C8A-4128-83E1-1A5C0DD9DFE3}.Debug|Any CPU.ActiveCfg = Debug|Any CPU
		{E264157A-6C8A-4128-83E1-1A5C0DD9DFE3}.Debug|Any CPU.Build.0 = Debug|Any CPU
		{E264157A-6C8A-4128-83E1-1A5C0DD9DFE3}.Release|Any CPU.ActiveCfg = Release|Any CPU
		{E264157A-6C8A-4128-83E1-1A5C0DD9DFE3}.Release|Any CPU.Build.0 = Release|Any CPU
	EndGlobalSection
	GlobalSection(SolutionProperties) = preSolution
		HideSolutionNode = FALSE
	EndGlobalSection
EndGlobal
